
Microsoft Visual Studio Solution File, Format Version 12.00
# Visual Studio 14
VisualStudioVersion = 14.0.25420.1
MinimumVisualStudioVersion = 10.0.40219.1
Project("{FAE04EC0-301F-11D3-BF4B-00C04F79EFBC}") = "Programa1", "Programa1\Programa1.csproj", "{230BDE0B-2B1B-4190-83A9-57EFA5C3184B}"
EndProject
Global
	GlobalSection(SolutionConfigurationPlatforms) = preSolution
		Debug|Any CPU = Debug|Any CPU
		Release|Any CPU = Release|Any CPU
	EndGlobalSection
	GlobalSection(ProjectConfigurationPlatforms) = postSolution
		{230BDE0B-2B1B-4190-83A9-57EFA5C3184B}.Debug|Any CPU.ActiveCfg = Debug|Any CPU
		{230BDE0B-2B1B-4190-83A9-57EFA5C3184B}.Debug|Any CPU.Build.0 = Debug|Any CPU
		{230BDE0B-2B1B-4190-83A9-57EFA5C3184B}.Release|Any CPU.ActiveCfg = Release|Any CPU
		{230BDE0B-2B1B-4190-83A9-57EFA5C3184B}.Release|Any CPU.Build.0 = Release|Any CPU
	EndGlobalSection
	GlobalSection(SolutionProperties) = preSolution
		HideSolutionNode = FALSE
	EndGlobalSection
EndGlobal
